
Microsoft Visual Studio Solution File, Format Version 12.00
# Visual Studio 2015
Project("{FAE04EC0-301F-11D3-BF4B-00C04F79EFBC}") = "Revive_Qpang_GUI.CSharp", "Revive_Qpang_GUI.CSharp.csproj", "{F9058B40-BDFB-531E-00E8-93E6A4BB3D4D}"
EndProject
Project("{FAE04EC0-301F-11D3-BF4B-00C04F79EFBC}") = "Revive_Qpang_GUI.CSharp.Editor", "Revive_Qpang_GUI.CSharp.Editor.csproj", "{3D6B70F2-E487-81A6-D9A8-0FF2232084C2}"
EndProject
Global
	GlobalSection(SolutionConfigurationPlatforms) = preSolution
		Debug|Any CPU = Debug|Any CPU
		Release|Any CPU = Release|Any CPU
	EndGlobalSection
	GlobalSection(ProjectConfigurationPlatforms) = postSolution
		{F9058B40-BDFB-531E-00E8-93E6A4BB3D4D}.Debug|Any CPU.ActiveCfg = Debug|Any CPU
		{F9058B40-BDFB-531E-00E8-93E6A4BB3D4D}.Debug|Any CPU.Build.0 = Debug|Any CPU
		{F9058B40-BDFB-531E-00E8-93E6A4BB3D4D}.Release|Any CPU.ActiveCfg = Release|Any CPU
		{F9058B40-BDFB-531E-00E8-93E6A4BB3D4D}.Release|Any CPU.Build.0 = Release|Any CPU
		{3D6B70F2-E487-81A6-D9A8-0FF2232084C2}.Debug|Any CPU.ActiveCfg = Debug|Any CPU
		{3D6B70F2-E487-81A6-D9A8-0FF2232084C2}.Debug|Any CPU.Build.0 = Debug|Any CPU
		{3D6B70F2-E487-81A6-D9A8-0FF2232084C2}.Release|Any CPU.ActiveCfg = Release|Any CPU
		{3D6B70F2-E487-81A6-D9A8-0FF2232084C2}.Release|Any CPU.Build.0 = Release|Any CPU
	EndGlobalSection
	GlobalSection(SolutionProperties) = preSolution
		HideSolutionNode = FALSE
	EndGlobalSection
EndGlobal
